
Microsoft Visual Studio Solution File, Format Version 12.00
# Visual Studio Version 17
VisualStudioVersion = 17.5.002.0
MinimumVisualStudioVersion = 10.0.40219.1
Project("{9A19103F-16F7-4668-BE54-9A1E7A4F7556}") = "CompilerVsAsync", "CompilerVsAsync\CompilerVsAsync.csproj", "{BB82CBC0-9D8F-4088-92B1-C8CEA03EA4C1}"
EndProject
Project("{FAE04EC0-301F-11D3-BF4B-00C04F79EFBC}") = "HowManyThreads", "HowManyThreads\HowManyThreads.csproj", "{6BF028DC-B5BB-4E1E-855C-0E463C2F8B0F}"
EndProject
Project("{FAE04EC0-301F-11D3-BF4B-00C04F79EFBC}") = "GracefulCancellation", "GracefulCancellation\GracefulCancellation.csproj", "{8AD26029-3C6A-4F49-9841-71C00331306C}"
EndProject
Global
	GlobalSection(SolutionConfigurationPlatforms) = preSolution
		Debug|Any CPU = Debug|Any CPU
		Release|Any CPU = Release|Any CPU
	EndGlobalSection
	GlobalSection(ProjectConfigurationPlatforms) = postSolution
		{BB82CBC0-9D8F-4088-92B1-C8CEA03EA4C1}.Debug|Any CPU.ActiveCfg = Debug|Any CPU
		{BB82CBC0-9D8F-4088-92B1-C8CEA03EA4C1}.Debug|Any CPU.Build.0 = Debug|Any CPU
		{BB82CBC0-9D8F-4088-92B1-C8CEA03EA4C1}.Release|Any CPU.ActiveCfg = Release|Any CPU
		{BB82CBC0-9D8F-4088-92B1-C8CEA03EA4C1}.Release|Any CPU.Build.0 = Release|Any CPU
		{6BF028DC-B5BB-4E1E-855C-0E463C2F8B0F}.Debug|Any CPU.ActiveCfg = Debug|Any CPU
		{6BF028DC-B5BB-4E1E-855C-0E463C2F8B0F}.Debug|Any CPU.Build.0 = Debug|Any CPU
		{6BF028DC-B5BB-4E1E-855C-0E463C2F8B0F}.Release|Any CPU.ActiveCfg = Release|Any CPU
		{6BF028DC-B5BB-4E1E-855C-0E463C2F8B0F}.Release|Any CPU.Build.0 = Release|Any CPU
		{8AD26029-3C6A-4F49-9841-71C00331306C}.Debug|Any CPU.ActiveCfg = Debug|Any CPU
		{8AD26029-3C6A-4F49-9841-71C00331306C}.Debug|Any CPU.Build.0 = Debug|Any CPU
		{8AD26029-3C6A-4F49-9841-71C00331306C}.Release|Any CPU.ActiveCfg = Release|Any CPU
		{8AD26029-3C6A-4F49-9841-71C00331306C}.Release|Any CPU.Build.0 = Release|Any CPU
	EndGlobalSection
	GlobalSection(SolutionProperties) = preSolution
		HideSolutionNode = FALSE
	EndGlobalSection
	GlobalSection(ExtensibilityGlobals) = postSolution
		SolutionGuid = {700890D1-DEDA-413A-B785-D42587E36E26}
	EndGlobalSection
EndGlobal
